{
  "name": "main",
  "lockfileVersion": 3,
  "requires": true,
  "packages": {
    "": {
      "dependencies": {
        "@cardsmith/main": "file:../.."
      }
    },
    "../..": {
      "name": "@cardsmith/main",
      "version": "0.1.0",
      "dependencies": {
        "cardsmith-studio": "file:../..",
        "electron": "^30.0.0"
      },
      "devDependencies": {
        "@types/node": "^22.0.0",
        "electron-builder": "^24.13.3",
        "typescript": "^5.6.3"
      }
    },
    "node_modules/@cardsmith/main": {
      "resolved": "../..",
      "link": true
    }
  }
}
